
Microsoft Visual Studio Solution File, Format Version 12.00
# Visual Studio Version 17
VisualStudioVersion = 17.11.35327.3
MinimumVisualStudioVersion = 10.0.40219.1
Project("{9A19103F-16F7-4668-BE54-9A1E7A4F7556}") = "Kopibara", "Kopibara\Kopibara.csproj", "{FF0B6DB5-EE43-4EDC-B3DD-5CA24C229D1D}"
EndProject
Global
	GlobalSection(SolutionConfigurationPlatforms) = preSolution
		Debug|Any CPU = Debug|Any CPU
		Release|Any CPU = Release|Any CPU
	EndGlobalSection
	GlobalSection(ProjectConfigurationPlatforms) = postSolution
		{FF0B6DB5-EE43-4EDC-B3DD-5CA24C229D1D}.Debug|Any CPU.ActiveCfg = Debug|Any CPU
		{FF0B6DB5-EE43-4EDC-B3DD-5CA24C229D1D}.Debug|Any CPU.Build.0 = Debug|Any CPU
		{FF0B6DB5-EE43-4EDC-B3DD-5CA24C229D1D}.Release|Any CPU.ActiveCfg = Release|Any CPU
		{FF0B6DB5-EE43-4EDC-B3DD-5CA24C229D1D}.Release|Any CPU.Build.0 = Release|Any CPU
	EndGlobalSection
	GlobalSection(SolutionProperties) = preSolution
		HideSolutionNode = FALSE
	EndGlobalSection
	GlobalSection(ExtensibilityGlobals) = postSolution
		SolutionGuid = {ECBAD0F5-E151-49C0-A56F-E5C78E334CB0}
	EndGlobalSection
EndGlobal
